
Microsoft Visual Studio Solution File, Format Version 12.00
# Visual Studio Version 16
VisualStudioVersion = 16.0.29215.179
MinimumVisualStudioVersion = 10.0.40219.1
Project("{8BC9CEB8-8B4A-11D0-8D11-00A0C91BC942}") = "FirstOpenGlApp", "FirstOpenGlApp\FirstOpenGlApp.vcxproj", "{C161B8CB-F859-462C-B91C-B90DED8BAB96}"
EndProject
Project("{8BC9CEB8-8B4A-11D0-8D11-00A0C91BC942}") = "Abstraction", "Abstraction\Abstraction.vcxproj", "{84A04009-1B74-4727-90E6-44B3140FB4BF}"
EndProject
Global
	GlobalSection(SolutionConfigurationPlatforms) = preSolution
		Debug|x64 = Debug|x64
		Debug|x86 = Debug|x86
		Release|x64 = Release|x64
		Release|x86 = Release|x86
	EndGlobalSection
	GlobalSection(ProjectConfigurationPlatforms) = postSolution
		{C161B8CB-F859-462C-B91C-B90DED8BAB96}.Debug|x64.ActiveCfg = Debug|x64
		{C161B8CB-F859-462C-B91C-B90DED8BAB96}.Debug|x64.Build.0 = Debug|x64
		{C161B8CB-F859-462C-B91C-B90DED8BAB96}.Debug|x86.ActiveCfg = Debug|Win32
		{C161B8CB-F859-462C-B91C-B90DED8BAB96}.Debug|x86.Build.0 = Debug|Win32
		{C161B8CB-F859-462C-B91C-B90DED8BAB96}.Release|x64.ActiveCfg = Release|x64
		{C161B8CB-F859-462C-B91C-B90DED8BAB96}.Release|x64.Build.0 = Release|x64
		{C161B8CB-F859-462C-B91C-B90DED8BAB96}.Release|x86.ActiveCfg = Release|Win32
		{C161B8CB-F859-462C-B91C-B90DED8BAB96}.Release|x86.Build.0 = Release|Win32
		{84A04009-1B74-4727-90E6-44B3140FB4BF}.Debug|x64.ActiveCfg = Debug|x64
		{84A04009-1B74-4727-90E6-44B3140FB4BF}.Debug|x64.Build.0 = Debug|x64
		{84A04009-1B74-4727-90E6-44B3140FB4BF}.Debug|x86.ActiveCfg = Debug|Win32
		{84A04009-1B74-4727-90E6-44B3140FB4BF}.Debug|x86.Build.0 = Debug|Win32
		{84A04009-1B74-4727-90E6-44B3140FB4BF}.Release|x64.ActiveCfg = Release|x64
		{84A04009-1B74-4727-90E6-44B3140FB4BF}.Release|x64.Build.0 = Release|x64
		{84A04009-1B74-4727-90E6-44B3140FB4BF}.Release|x86.ActiveCfg = Release|Win32
		{84A04009-1B74-4727-90E6-44B3140FB4BF}.Release|x86.Build.0 = Release|Win32
	EndGlobalSection
	GlobalSection(SolutionProperties) = preSolution
		HideSolutionNode = FALSE
	EndGlobalSection
	GlobalSection(ExtensibilityGlobals) = postSolution
		SolutionGuid = {A5A0933A-3BC4-47E1-B9EA-890916554BAF}
	EndGlobalSection
EndGlobal
